
Microsoft Visual Studio Solution File, Format Version 12.00
# Visual Studio Version 17
VisualStudioVersion = 17.3.32922.545
MinimumVisualStudioVersion = 10.0.40219.1
Project("{9A19103F-16F7-4668-BE54-9A1E7A4F7556}") = "foro", "foro.csproj", "{C311C643-83D0-4B73-A6F5-4F1DCE5A617F}"
EndProject
Global
	GlobalSection(SolutionConfigurationPlatforms) = preSolution
		Debug|Any CPU = Debug|Any CPU
		Release|Any CPU = Release|Any CPU
	EndGlobalSection
	GlobalSection(ProjectConfigurationPlatforms) = postSolution
		{C311C643-83D0-4B73-A6F5-4F1DCE5A617F}.Debug|Any CPU.ActiveCfg = Debug|Any CPU
		{C311C643-83D0-4B73-A6F5-4F1DCE5A617F}.Debug|Any CPU.Build.0 = Debug|Any CPU
		{C311C643-83D0-4B73-A6F5-4F1DCE5A617F}.Release|Any CPU.ActiveCfg = Release|Any CPU
		{C311C643-83D0-4B73-A6F5-4F1DCE5A617F}.Release|Any CPU.Build.0 = Release|Any CPU
	EndGlobalSection
	GlobalSection(SolutionProperties) = preSolution
		HideSolutionNode = FALSE
	EndGlobalSection
	GlobalSection(ExtensibilityGlobals) = postSolution
		SolutionGuid = {19C23D6D-3ABA-4E1F-95C1-389EC52399D1}
	EndGlobalSection
EndGlobal
